
Microsoft Visual Studio Solution File, Format Version 12.00
# Visual Studio Version 17
VisualStudioVersion = 17.2.32630.192
MinimumVisualStudioVersion = 10.0.40219.1
Project("{9A19103F-16F7-4668-BE54-9A1E7A4F7556}") = "R5T.F0103", "R5T.F0103\R5T.F0103.csproj", "{B188BEDA-2D39-4A5F-B2A0-09AFC5DBD94A}"
EndProject
Project("{2150E333-8FDC-42A3-9474-1A3956D46DE8}") = "_Dependencies", "_Dependencies", "{15E0E36C-3D75-45FA-9C0A-3C66F60C0672}"
EndProject
Project("{9A19103F-16F7-4668-BE54-9A1E7A4F7556}") = "R5T.F0000", "..\..\R5T.F0000\source\R5T.F0000\R5T.F0000.csproj", "{241B4A2C-B0DA-41CF-B401-F94A1D36F178}"
EndProject
Project("{9A19103F-16F7-4668-BE54-9A1E7A4F7556}") = "R5T.T0131", "..\..\R5T.T0131\source\R5T.T0131\R5T.T0131.csproj", "{5D9F7797-3209-4BCA-A17B-03FFC7D6B4EC}"
EndProject
Project("{9A19103F-16F7-4668-BE54-9A1E7A4F7556}") = "R5T.T0132", "..\..\R5T.T0132\source\R5T.T0132\R5T.T0132.csproj", "{09E775EF-51E7-4028-A22A-14630C6711CE}"
EndProject
Project("{9A19103F-16F7-4668-BE54-9A1E7A4F7556}") = "R5T.T0142", "..\..\R5T.T0142\source\R5T.T0142\R5T.T0142.csproj", "{30B5F14E-5CAF-4D8A-BE44-AAA99F26C6E3}"
EndProject
Project("{9A19103F-16F7-4668-BE54-9A1E7A4F7556}") = "R5T.T0143", "..\..\R5T.T0143\source\R5T.T0143\R5T.T0143.csproj", "{F6BA59F3-687F-46AD-87A6-3EF06650A34B}"
EndProject
Project("{9A19103F-16F7-4668-BE54-9A1E7A4F7556}") = "R5T.T0156", "..\..\R5T.T0156\source\R5T.T0156\R5T.T0156.csproj", "{65DFBFFB-5514-45A8-8DED-2CED20231EF8}"
EndProject
Project("{9A19103F-16F7-4668-BE54-9A1E7A4F7556}") = "R5T.Y0000", "..\..\R5T.Y0000\source\R5T.Y0000\R5T.Y0000.csproj", "{BDCE0914-A272-40BF-ACBC-33C4C743EC3C}"
EndProject
Project("{9A19103F-16F7-4668-BE54-9A1E7A4F7556}") = "R5T.Z0000", "..\..\R5T.Z0000\source\R5T.Z0000\R5T.Z0000.csproj", "{C64FDBC0-D505-4035-82DF-49A12D7928EF}"
EndProject
Global
	GlobalSection(NestedProjects) = preSolution
		{241B4A2C-B0DA-41CF-B401-F94A1D36F178} = {15E0E36C-3D75-45FA-9C0A-3C66F60C0672}
		{5D9F7797-3209-4BCA-A17B-03FFC7D6B4EC} = {15E0E36C-3D75-45FA-9C0A-3C66F60C0672}
		{09E775EF-51E7-4028-A22A-14630C6711CE} = {15E0E36C-3D75-45FA-9C0A-3C66F60C0672}
		{30B5F14E-5CAF-4D8A-BE44-AAA99F26C6E3} = {15E0E36C-3D75-45FA-9C0A-3C66F60C0672}
		{F6BA59F3-687F-46AD-87A6-3EF06650A34B} = {15E0E36C-3D75-45FA-9C0A-3C66F60C0672}
		{65DFBFFB-5514-45A8-8DED-2CED20231EF8} = {15E0E36C-3D75-45FA-9C0A-3C66F60C0672}
		{BDCE0914-A272-40BF-ACBC-33C4C743EC3C} = {15E0E36C-3D75-45FA-9C0A-3C66F60C0672}
		{C64FDBC0-D505-4035-82DF-49A12D7928EF} = {15E0E36C-3D75-45FA-9C0A-3C66F60C0672}
	EndGlobalSection
	GlobalSection(SolutionConfigurationPlatforms) = preSolution
		Debug|Any CPU = Debug|Any CPU
		Release|Any CPU = Release|Any CPU
	EndGlobalSection
	GlobalSection(ProjectConfigurationPlatforms) = postSolution
		{B188BEDA-2D39-4A5F-B2A0-09AFC5DBD94A}.Debug|Any CPU.ActiveCfg = Debug|Any CPU
		{B188BEDA-2D39-4A5F-B2A0-09AFC5DBD94A}.Debug|Any CPU.Build.0 = Debug|Any CPU
		{B188BEDA-2D39-4A5F-B2A0-09AFC5DBD94A}.Release|Any CPU.ActiveCfg = Release|Any CPU
		{B188BEDA-2D39-4A5F-B2A0-09AFC5DBD94A}.Release|Any CPU.Build.0 = Release|Any CPU
		{241B4A2C-B0DA-41CF-B401-F94A1D36F178}.Debug|Any CPU.ActiveCfg = Debug|Any CPU
		{241B4A2C-B0DA-41CF-B401-F94A1D36F178}.Debug|Any CPU.Build.0 = Debug|Any CPU
		{241B4A2C-B0DA-41CF-B401-F94A1D36F178}.Release|Any CPU.ActiveCfg = Release|Any CPU
		{241B4A2C-B0DA-41CF-B401-F94A1D36F178}.Release|Any CPU.Build.0 = Release|Any CPU
		{5D9F7797-3209-4BCA-A17B-03FFC7D6B4EC}.Debug|Any CPU.ActiveCfg = Debug|Any CPU
		{5D9F7797-3209-4BCA-A17B-03FFC7D6B4EC}.Debug|Any CPU.Build.0 = Debug|Any CPU
		{5D9F7797-3209-4BCA-A17B-03FFC7D6B4EC}.Release|Any CPU.ActiveCfg = Release|Any CPU
		{5D9F7797-3209-4BCA-A17B-03FFC7D6B4EC}.Release|Any CPU.Build.0 = Release|Any CPU
		{09E775EF-51E7-4028-A22A-14630C6711CE}.Debug|Any CPU.ActiveCfg = Debug|Any CPU
		{09E775EF-51E7-4028-A22A-14630C6711CE}.Debug|Any CPU.Build.0 = Debug|Any CPU
		{09E775EF-51E7-4028-A22A-14630C6711CE}.Release|Any CPU.ActiveCfg = Release|Any CPU
		{09E775EF-51E7-4028-A22A-14630C6711CE}.Release|Any CPU.Build.0 = Release|Any CPU
		{30B5F14E-5CAF-4D8A-BE44-AAA99F26C6E3}.Debug|Any CPU.ActiveCfg = Debug|Any CPU
		{30B5F14E-5CAF-4D8A-BE44-AAA99F26C6E3}.Debug|Any CPU.Build.0 = Debug|Any CPU
		{30B5F14E-5CAF-4D8A-BE44-AAA99F26C6E3}.Release|Any CPU.ActiveCfg = Release|Any CPU
		{30B5F14E-5CAF-4D8A-BE44-AAA99F26C6E3}.Release|Any CPU.Build.0 = Release|Any CPU
		{F6BA59F3-687F-46AD-87A6-3EF06650A34B}.Debug|Any CPU.ActiveCfg = Debug|Any CPU
		{F6BA59F3-687F-46AD-87A6-3EF06650A34B}.Debug|Any CPU.Build.0 = Debug|Any CPU
		{F6BA59F3-687F-46AD-87A6-3EF06650A34B}.Release|Any CPU.ActiveCfg = Release|Any CPU
		{F6BA59F3-687F-46AD-87A6-3EF06650A34B}.Release|Any CPU.Build.0 = Release|Any CPU
		{65DFBFFB-5514-45A8-8DED-2CED20231EF8}.Debug|Any CPU.ActiveCfg = Debug|Any CPU
		{65DFBFFB-5514-45A8-8DED-2CED20231EF8}.Debug|Any CPU.Build.0 = Debug|Any CPU
		{65DFBFFB-5514-45A8-8DED-2CED20231EF8}.Release|Any CPU.ActiveCfg = Release|Any CPU
		{65DFBFFB-5514-45A8-8DED-2CED20231EF8}.Release|Any CPU.Build.0 = Release|Any CPU
		{BDCE0914-A272-40BF-ACBC-33C4C743EC3C}.Debug|Any CPU.ActiveCfg = Debug|Any CPU
		{BDCE0914-A272-40BF-ACBC-33C4C743EC3C}.Debug|Any CPU.Build.0 = Debug|Any CPU
		{BDCE0914-A272-40BF-ACBC-33C4C743EC3C}.Release|Any CPU.ActiveCfg = Release|Any CPU
		{BDCE0914-A272-40BF-ACBC-33C4C743EC3C}.Release|Any CPU.Build.0 = Release|Any CPU
		{C64FDBC0-D505-4035-82DF-49A12D7928EF}.Debug|Any CPU.ActiveCfg = Debug|Any CPU
		{C64FDBC0-D505-4035-82DF-49A12D7928EF}.Debug|Any CPU.Build.0 = Debug|Any CPU
		{C64FDBC0-D505-4035-82DF-49A12D7928EF}.Release|Any CPU.ActiveCfg = Release|Any CPU
		{C64FDBC0-D505-4035-82DF-49A12D7928EF}.Release|Any CPU.Build.0 = Release|Any CPU
	EndGlobalSection
	GlobalSection(SolutionProperties) = preSolution
		HideSolutionNode = FALSE
	EndGlobalSection
	GlobalSection(ExtensibilityGlobals) = postSolution
		SolutionGuid = {1513CA12-04FB-40DB-9D1E-FBEA0D816F8C}
	EndGlobalSection
EndGlobal
