
Microsoft Visual Studio Solution File, Format Version 12.00
# Visual Studio Version 17
VisualStudioVersion = 17.2.32630.192
MinimumVisualStudioVersion = 10.0.40219.1
Project("{9A19103F-16F7-4668-BE54-9A1E7A4F7556}") = "R5T.F0103", "R5T.F0103\R5T.F0103.csproj", "{B188BEDA-2D39-4A5F-B2A0-09AFC5DBD94A}"
EndProject
Project("{2150E333-8FDC-42A3-9474-1A3956D46DE8}") = "_Dependencies", "_Dependencies", "{15E0E36C-3D75-45FA-9C0A-3C66F60C0672}"
EndProject
Project("{9A19103F-16F7-4668-BE54-9A1E7A4F7556}") = "R5T.F0000", "..\..\R5T.F0000\source\R5T.F0000\R5T.F0000.csproj", "{241B4A2C-B0DA-41CF-B401-F94A1D36F178}"
EndProject
Project("{9A19103F-16F7-4668-BE54-9A1E7A4F7556}") = "R5T.T0131", "..\..\R5T.T0131\source\R5T.T0131\R5T.T0131.csproj", "{5D9F7797-3209-4BCA-A17B-03FFC7D6B4EC}"
EndProject
Project("{9A19103F-16F7-4668-BE54-9A1E7A4F7556}") = "R5T.T0132", "..\..\R5T.T0132\source\R5T.T0132\R5T.T0132.csproj", "{09E775EF-51E7-4028-A22A-14630C6711CE}"
EndProject
Project("{9A19103F-16F7-4668-BE54-9A1E7A4F7556}") = "R5T.T0142", "..\..\R5T.T0142\source\R5T.T0142\R5T.T0142.csproj", "{30B5F14E-5CAF-4D8A-BE44-AAA99F26C6E3}"
EndProject
Project("{9A19103F-16F7-4668-BE54-9A1E7A4F7556}") = "R5T.T0143", "..\..\R5T.T0143\source\R5T.T0143\R5T.T0143.csproj", "{F6BA59F3-687F-46AD-87A6-3EF06650A34B}"
EndProject
Project("{9A19103F-16F7-4668-BE54-9A1E7A4F7556}") = "R5T.T0156", "..\..\R5T.T0156\source\R5T.T0156\R5T.T0156.csproj", "{65DFBFFB-5514-45A8-8DED-2CED20231EF8}"
EndProject
Project("{9A19103F-16F7-4668-BE54-9A1E7A4F7556}") = "R5T.Y0000", "..\..\R5T.Y0000\source\R5T.Y0000\R5T.Y0000.csproj", "{BDCE0914-A272-40BF-ACBC-33C4C743EC3C}"
EndProject
Project("{9A19103F-16F7-4668-BE54-9A1E7A4F7556}") = "R5T.Z0000", "..\..\R5T.Z0000\source\R5T.Z0000\R5T.Z0000.csproj", "{C64FDBC0-D505-4035-82DF-49A12D7928EF}"
EndProject
Project("{9A19103F-16F7-4668-BE54-9A1E7A4F7556}") = "R5T.L0053", "..\..\R5T.L0053\source\R5T.L0053\R5T.L0053.csproj", "{A87B8849-CCD7-43A2-B4E7-D080B3422CD7}"
EndProject
Project("{9A19103F-16F7-4668-BE54-9A1E7A4F7556}") = "R5T.L0066", "..\..\R5T.L0066\source\R5T.L0066\R5T.L0066.csproj", "{15D2F167-1942-4936-A454-969C4A07D821}"
EndProject
Project("{9A19103F-16F7-4668-BE54-9A1E7A4F7556}") = "R5T.L0071", "..\..\R5T.L0071\source\R5T.L0071\R5T.L0071.csproj", "{2A8ABF17-4F81-4A61-A95D-C85C5D2390C6}"
EndProject
Project("{9A19103F-16F7-4668-BE54-9A1E7A4F7556}") = "R5T.L0089.F000", "..\..\R5T.L0089\source\R5T.L0089.F000\R5T.L0089.F000.csproj", "{CD71D653-7071-4178-A4C5-EE0A220D63C9}"
EndProject
Project("{9A19103F-16F7-4668-BE54-9A1E7A4F7556}") = "R5T.L0089.T000", "..\..\R5T.L0089\source\R5T.L0089.T000\R5T.L0089.T000.csproj", "{F313CA12-A294-4FA4-8475-A03998FE62E8}"
EndProject
Project("{9A19103F-16F7-4668-BE54-9A1E7A4F7556}") = "R5T.L0089", "..\..\R5T.L0089\source\R5T.L0089\R5T.L0089.csproj", "{0C9BE120-F3F6-4E46-B1FD-436C0EF6937F}"
EndProject
Project("{9A19103F-16F7-4668-BE54-9A1E7A4F7556}") = "R5T.T0221", "..\..\R5T.T0221\source\R5T.T0221\R5T.T0221.csproj", "{DE1571FA-D1E8-4987-89FC-913EA2630C1B}"
EndProject
Project("{9A19103F-16F7-4668-BE54-9A1E7A4F7556}") = "R5T.T0241", "..\..\R5T.T0241\source\R5T.T0241\R5T.T0241.csproj", "{A2871646-6E46-47EA-9653-D595C192D8C8}"
EndProject
Project("{9A19103F-16F7-4668-BE54-9A1E7A4F7556}") = "R5T.Y0006", "..\..\R5T.Y0006\source\R5T.Y0006\R5T.Y0006.csproj", "{FE407DDB-2A2E-447E-8BF7-0EACD1CA40D4}"
EndProject
Project("{9A19103F-16F7-4668-BE54-9A1E7A4F7556}") = "R5T.Z0010.Platform", "..\..\R5T.Z0010\source\R5T.Z0010.Platform\R5T.Z0010.Platform.csproj", "{5EE905EB-A111-4546-BB7B-80228D522CF6}"
EndProject
Global
	GlobalSection(NestedProjects) = preSolution
		{241B4A2C-B0DA-41CF-B401-F94A1D36F178} = {15E0E36C-3D75-45FA-9C0A-3C66F60C0672}
		{5D9F7797-3209-4BCA-A17B-03FFC7D6B4EC} = {15E0E36C-3D75-45FA-9C0A-3C66F60C0672}
		{09E775EF-51E7-4028-A22A-14630C6711CE} = {15E0E36C-3D75-45FA-9C0A-3C66F60C0672}
		{30B5F14E-5CAF-4D8A-BE44-AAA99F26C6E3} = {15E0E36C-3D75-45FA-9C0A-3C66F60C0672}
		{F6BA59F3-687F-46AD-87A6-3EF06650A34B} = {15E0E36C-3D75-45FA-9C0A-3C66F60C0672}
		{65DFBFFB-5514-45A8-8DED-2CED20231EF8} = {15E0E36C-3D75-45FA-9C0A-3C66F60C0672}
		{BDCE0914-A272-40BF-ACBC-33C4C743EC3C} = {15E0E36C-3D75-45FA-9C0A-3C66F60C0672}
		{C64FDBC0-D505-4035-82DF-49A12D7928EF} = {15E0E36C-3D75-45FA-9C0A-3C66F60C0672}
		{A87B8849-CCD7-43A2-B4E7-D080B3422CD7} = {15E0E36C-3D75-45FA-9C0A-3C66F60C0672}
		{15D2F167-1942-4936-A454-969C4A07D821} = {15E0E36C-3D75-45FA-9C0A-3C66F60C0672}
		{2A8ABF17-4F81-4A61-A95D-C85C5D2390C6} = {15E0E36C-3D75-45FA-9C0A-3C66F60C0672}
		{CD71D653-7071-4178-A4C5-EE0A220D63C9} = {15E0E36C-3D75-45FA-9C0A-3C66F60C0672}
		{F313CA12-A294-4FA4-8475-A03998FE62E8} = {15E0E36C-3D75-45FA-9C0A-3C66F60C0672}
		{0C9BE120-F3F6-4E46-B1FD-436C0EF6937F} = {15E0E36C-3D75-45FA-9C0A-3C66F60C0672}
		{DE1571FA-D1E8-4987-89FC-913EA2630C1B} = {15E0E36C-3D75-45FA-9C0A-3C66F60C0672}
		{A2871646-6E46-47EA-9653-D595C192D8C8} = {15E0E36C-3D75-45FA-9C0A-3C66F60C0672}
		{FE407DDB-2A2E-447E-8BF7-0EACD1CA40D4} = {15E0E36C-3D75-45FA-9C0A-3C66F60C0672}
		{5EE905EB-A111-4546-BB7B-80228D522CF6} = {15E0E36C-3D75-45FA-9C0A-3C66F60C0672}
	EndGlobalSection
	GlobalSection(SolutionConfigurationPlatforms) = preSolution
		Debug|Any CPU = Debug|Any CPU
		Release|Any CPU = Release|Any CPU
	EndGlobalSection
	GlobalSection(ProjectConfigurationPlatforms) = postSolution
		{B188BEDA-2D39-4A5F-B2A0-09AFC5DBD94A}.Debug|Any CPU.ActiveCfg = Debug|Any CPU
		{B188BEDA-2D39-4A5F-B2A0-09AFC5DBD94A}.Debug|Any CPU.Build.0 = Debug|Any CPU
		{B188BEDA-2D39-4A5F-B2A0-09AFC5DBD94A}.Release|Any CPU.ActiveCfg = Release|Any CPU
		{B188BEDA-2D39-4A5F-B2A0-09AFC5DBD94A}.Release|Any CPU.Build.0 = Release|Any CPU
		{241B4A2C-B0DA-41CF-B401-F94A1D36F178}.Debug|Any CPU.ActiveCfg = Debug|Any CPU
		{241B4A2C-B0DA-41CF-B401-F94A1D36F178}.Debug|Any CPU.Build.0 = Debug|Any CPU
		{241B4A2C-B0DA-41CF-B401-F94A1D36F178}.Release|Any CPU.ActiveCfg = Release|Any CPU
		{241B4A2C-B0DA-41CF-B401-F94A1D36F178}.Release|Any CPU.Build.0 = Release|Any CPU
		{5D9F7797-3209-4BCA-A17B-03FFC7D6B4EC}.Debug|Any CPU.ActiveCfg = Debug|Any CPU
		{5D9F7797-3209-4BCA-A17B-03FFC7D6B4EC}.Debug|Any CPU.Build.0 = Debug|Any CPU
		{5D9F7797-3209-4BCA-A17B-03FFC7D6B4EC}.Release|Any CPU.ActiveCfg = Release|Any CPU
		{5D9F7797-3209-4BCA-A17B-03FFC7D6B4EC}.Release|Any CPU.Build.0 = Release|Any CPU
		{09E775EF-51E7-4028-A22A-14630C6711CE}.Debug|Any CPU.ActiveCfg = Debug|Any CPU
		{09E775EF-51E7-4028-A22A-14630C6711CE}.Debug|Any CPU.Build.0 = Debug|Any CPU
		{09E775EF-51E7-4028-A22A-14630C6711CE}.Release|Any CPU.ActiveCfg = Release|Any CPU
		{09E775EF-51E7-4028-A22A-14630C6711CE}.Release|Any CPU.Build.0 = Release|Any CPU
		{30B5F14E-5CAF-4D8A-BE44-AAA99F26C6E3}.Debug|Any CPU.ActiveCfg = Debug|Any CPU
		{30B5F14E-5CAF-4D8A-BE44-AAA99F26C6E3}.Debug|Any CPU.Build.0 = Debug|Any CPU
		{30B5F14E-5CAF-4D8A-BE44-AAA99F26C6E3}.Release|Any CPU.ActiveCfg = Release|Any CPU
		{30B5F14E-5CAF-4D8A-BE44-AAA99F26C6E3}.Release|Any CPU.Build.0 = Release|Any CPU
		{F6BA59F3-687F-46AD-87A6-3EF06650A34B}.Debug|Any CPU.ActiveCfg = Debug|Any CPU
		{F6BA59F3-687F-46AD-87A6-3EF06650A34B}.Debug|Any CPU.Build.0 = Debug|Any CPU
		{F6BA59F3-687F-46AD-87A6-3EF06650A34B}.Release|Any CPU.ActiveCfg = Release|Any CPU
		{F6BA59F3-687F-46AD-87A6-3EF06650A34B}.Release|Any CPU.Build.0 = Release|Any CPU
		{65DFBFFB-5514-45A8-8DED-2CED20231EF8}.Debug|Any CPU.ActiveCfg = Debug|Any CPU
		{65DFBFFB-5514-45A8-8DED-2CED20231EF8}.Debug|Any CPU.Build.0 = Debug|Any CPU
		{65DFBFFB-5514-45A8-8DED-2CED20231EF8}.Release|Any CPU.ActiveCfg = Release|Any CPU
		{65DFBFFB-5514-45A8-8DED-2CED20231EF8}.Release|Any CPU.Build.0 = Release|Any CPU
		{BDCE0914-A272-40BF-ACBC-33C4C743EC3C}.Debug|Any CPU.ActiveCfg = Debug|Any CPU
		{BDCE0914-A272-40BF-ACBC-33C4C743EC3C}.Debug|Any CPU.Build.0 = Debug|Any CPU
		{BDCE0914-A272-40BF-ACBC-33C4C743EC3C}.Release|Any CPU.ActiveCfg = Release|Any CPU
		{BDCE0914-A272-40BF-ACBC-33C4C743EC3C}.Release|Any CPU.Build.0 = Release|Any CPU
		{C64FDBC0-D505-4035-82DF-49A12D7928EF}.Debug|Any CPU.ActiveCfg = Debug|Any CPU
		{C64FDBC0-D505-4035-82DF-49A12D7928EF}.Debug|Any CPU.Build.0 = Debug|Any CPU
		{C64FDBC0-D505-4035-82DF-49A12D7928EF}.Release|Any CPU.ActiveCfg = Release|Any CPU
		{C64FDBC0-D505-4035-82DF-49A12D7928EF}.Release|Any CPU.Build.0 = Release|Any CPU
		{A87B8849-CCD7-43A2-B4E7-D080B3422CD7}.Debug|Any CPU.ActiveCfg = Debug|Any CPU
		{A87B8849-CCD7-43A2-B4E7-D080B3422CD7}.Debug|Any CPU.Build.0 = Debug|Any CPU
		{A87B8849-CCD7-43A2-B4E7-D080B3422CD7}.Release|Any CPU.ActiveCfg = Release|Any CPU
		{A87B8849-CCD7-43A2-B4E7-D080B3422CD7}.Release|Any CPU.Build.0 = Release|Any CPU
		{15D2F167-1942-4936-A454-969C4A07D821}.Debug|Any CPU.ActiveCfg = Debug|Any CPU
		{15D2F167-1942-4936-A454-969C4A07D821}.Debug|Any CPU.Build.0 = Debug|Any CPU
		{15D2F167-1942-4936-A454-969C4A07D821}.Release|Any CPU.ActiveCfg = Release|Any CPU
		{15D2F167-1942-4936-A454-969C4A07D821}.Release|Any CPU.Build.0 = Release|Any CPU
		{2A8ABF17-4F81-4A61-A95D-C85C5D2390C6}.Debug|Any CPU.ActiveCfg = Debug|Any CPU
		{2A8ABF17-4F81-4A61-A95D-C85C5D2390C6}.Debug|Any CPU.Build.0 = Debug|Any CPU
		{2A8ABF17-4F81-4A61-A95D-C85C5D2390C6}.Release|Any CPU.ActiveCfg = Release|Any CPU
		{2A8ABF17-4F81-4A61-A95D-C85C5D2390C6}.Release|Any CPU.Build.0 = Release|Any CPU
		{CD71D653-7071-4178-A4C5-EE0A220D63C9}.Debug|Any CPU.ActiveCfg = Debug|Any CPU
		{CD71D653-7071-4178-A4C5-EE0A220D63C9}.Debug|Any CPU.Build.0 = Debug|Any CPU
		{CD71D653-7071-4178-A4C5-EE0A220D63C9}.Release|Any CPU.ActiveCfg = Release|Any CPU
		{CD71D653-7071-4178-A4C5-EE0A220D63C9}.Release|Any CPU.Build.0 = Release|Any CPU
		{F313CA12-A294-4FA4-8475-A03998FE62E8}.Debug|Any CPU.ActiveCfg = Debug|Any CPU
		{F313CA12-A294-4FA4-8475-A03998FE62E8}.Debug|Any CPU.Build.0 = Debug|Any CPU
		{F313CA12-A294-4FA4-8475-A03998FE62E8}.Release|Any CPU.ActiveCfg = Release|Any CPU
		{F313CA12-A294-4FA4-8475-A03998FE62E8}.Release|Any CPU.Build.0 = Release|Any CPU
		{0C9BE120-F3F6-4E46-B1FD-436C0EF6937F}.Debug|Any CPU.ActiveCfg = Debug|Any CPU
		{0C9BE120-F3F6-4E46-B1FD-436C0EF6937F}.Debug|Any CPU.Build.0 = Debug|Any CPU
		{0C9BE120-F3F6-4E46-B1FD-436C0EF6937F}.Release|Any CPU.ActiveCfg = Release|Any CPU
		{0C9BE120-F3F6-4E46-B1FD-436C0EF6937F}.Release|Any CPU.Build.0 = Release|Any CPU
		{DE1571FA-D1E8-4987-89FC-913EA2630C1B}.Debug|Any CPU.ActiveCfg = Debug|Any CPU
		{DE1571FA-D1E8-4987-89FC-913EA2630C1B}.Debug|Any CPU.Build.0 = Debug|Any CPU
		{DE1571FA-D1E8-4987-89FC-913EA2630C1B}.Release|Any CPU.ActiveCfg = Release|Any CPU
		{DE1571FA-D1E8-4987-89FC-913EA2630C1B}.Release|Any CPU.Build.0 = Release|Any CPU
		{A2871646-6E46-47EA-9653-D595C192D8C8}.Debug|Any CPU.ActiveCfg = Debug|Any CPU
		{A2871646-6E46-47EA-9653-D595C192D8C8}.Debug|Any CPU.Build.0 = Debug|Any CPU
		{A2871646-6E46-47EA-9653-D595C192D8C8}.Release|Any CPU.ActiveCfg = Release|Any CPU
		{A2871646-6E46-47EA-9653-D595C192D8C8}.Release|Any CPU.Build.0 = Release|Any CPU
		{FE407DDB-2A2E-447E-8BF7-0EACD1CA40D4}.Debug|Any CPU.ActiveCfg = Debug|Any CPU
		{FE407DDB-2A2E-447E-8BF7-0EACD1CA40D4}.Debug|Any CPU.Build.0 = Debug|Any CPU
		{FE407DDB-2A2E-447E-8BF7-0EACD1CA40D4}.Release|Any CPU.ActiveCfg = Release|Any CPU
		{FE407DDB-2A2E-447E-8BF7-0EACD1CA40D4}.Release|Any CPU.Build.0 = Release|Any CPU
		{5EE905EB-A111-4546-BB7B-80228D522CF6}.Debug|Any CPU.ActiveCfg = Debug|Any CPU
		{5EE905EB-A111-4546-BB7B-80228D522CF6}.Debug|Any CPU.Build.0 = Debug|Any CPU
		{5EE905EB-A111-4546-BB7B-80228D522CF6}.Release|Any CPU.ActiveCfg = Release|Any CPU
		{5EE905EB-A111-4546-BB7B-80228D522CF6}.Release|Any CPU.Build.0 = Release|Any CPU
	EndGlobalSection
	GlobalSection(SolutionProperties) = preSolution
		HideSolutionNode = FALSE
	EndGlobalSection
	GlobalSection(ExtensibilityGlobals) = postSolution
		SolutionGuid = {1513CA12-04FB-40DB-9D1E-FBEA0D816F8C}
	EndGlobalSection
EndGlobal
